
Microsoft Visual Studio Solution File, Format Version 12.00
# Visual Studio Version 17
VisualStudioVersion = 17.0.31903.59
MinimumVisualStudioVersion = 10.0.40219.1
Project("{FAE04EC0-301F-11D3-BF4B-00C04F79EFBC}") = "PlasmaTrimAPI", "PlasmaTrimAPI\PlasmaTrimAPI.csproj", "{381135F8-E382-47EA-BC71-5394ED9A50C7}"
EndProject
Project("{FAE04EC0-301F-11D3-BF4B-00C04F79EFBC}") = "SampleApplication", "SampleApplication\SampleApplication.csproj", "{C951A10C-391A-410F-8A76-B27F9CB8E301}"
EndProject
Project("{FAE04EC0-301F-11D3-BF4B-00C04F79EFBC}") = "PlasmaTrimDotNet", "UnitTests\PlasmaTrimDotNet.csproj", "{3B75F290-CA35-46C2-B9DF-0DF6EF88C3F9}"
EndProject
Global
	GlobalSection(SolutionConfigurationPlatforms) = preSolution
		Debug|Any CPU = Debug|Any CPU
		Release|Any CPU = Release|Any CPU
	EndGlobalSection
	GlobalSection(SolutionProperties) = preSolution
		HideSolutionNode = FALSE
	EndGlobalSection
	GlobalSection(ProjectConfigurationPlatforms) = postSolution
		{381135F8-E382-47EA-BC71-5394ED9A50C7}.Debug|Any CPU.ActiveCfg = Debug|Any CPU
		{381135F8-E382-47EA-BC71-5394ED9A50C7}.Debug|Any CPU.Build.0 = Debug|Any CPU
		{381135F8-E382-47EA-BC71-5394ED9A50C7}.Release|Any CPU.ActiveCfg = Release|Any CPU
		{381135F8-E382-47EA-BC71-5394ED9A50C7}.Release|Any CPU.Build.0 = Release|Any CPU
		{C951A10C-391A-410F-8A76-B27F9CB8E301}.Debug|Any CPU.ActiveCfg = Debug|Any CPU
		{C951A10C-391A-410F-8A76-B27F9CB8E301}.Debug|Any CPU.Build.0 = Debug|Any CPU
		{C951A10C-391A-410F-8A76-B27F9CB8E301}.Release|Any CPU.ActiveCfg = Release|Any CPU
		{C951A10C-391A-410F-8A76-B27F9CB8E301}.Release|Any CPU.Build.0 = Release|Any CPU
		{3B75F290-CA35-46C2-B9DF-0DF6EF88C3F9}.Debug|Any CPU.ActiveCfg = Debug|Any CPU
		{3B75F290-CA35-46C2-B9DF-0DF6EF88C3F9}.Debug|Any CPU.Build.0 = Debug|Any CPU
		{3B75F290-CA35-46C2-B9DF-0DF6EF88C3F9}.Release|Any CPU.ActiveCfg = Release|Any CPU
		{3B75F290-CA35-46C2-B9DF-0DF6EF88C3F9}.Release|Any CPU.Build.0 = Release|Any CPU
	EndGlobalSection
EndGlobal
